{
  "name": "brainly-fullstack",
  "lockfileVersion": 3,
  "requires": true,
  "packages": {
    "": {
      "dependencies": {
        "express-mongo-sanitize": "^2.2.0",
        "zod": "^4.3.5"
      }
    },
    "node_modules/express-mongo-sanitize": {
      "version": "2.2.0",
      "resolved": "https://registry.npmjs.org/express-mongo-sanitize/-/express-mongo-sanitize-2.2.0.tgz",
      "integrity": "sha512-PZBs5nwhD6ek9ZuP+W2xmpvcrHwXZxD5GdieX2dsjPbAbH4azOkrHbycBud2QRU+YQF1CT+pki/lZGedHgo/dQ==",
      "license": "MIT",
      "engines": {
        "node": ">=10"
      }
    },
    "node_modules/zod": {
      "version": "4.3.5",
      "resolved": "https://registry.npmjs.org/zod/-/zod-4.3.5.tgz",
      "integrity": "sha512-k7Nwx6vuWx1IJ9Bjuf4Zt1PEllcwe7cls3VNzm4CQ1/hgtFUK2bRNG3rvnpPUhFjmqJKAKtjV576KnUkHocg/g==",
      "license": "MIT",
      "funding": {
        "url": "https://github.com/sponsors/colinhacks"
      }
    }
  }
}
